
Microsoft Visual Studio Solution File, Format Version 12.00
# Visual Studio Version 17
VisualStudioVersion = 17.10.34916.146
MinimumVisualStudioVersion = 10.0.40219.1
Project("{2150E333-8FDC-42A3-9474-1A3956D46DE8}") = "test", "test", "{3861CB62-1FFA-4B7A-B89D-5F383518A6EA}"
EndProject
Project("{2150E333-8FDC-42A3-9474-1A3956D46DE8}") = "src", "src", "{6CE9E8D7-8359-47C8-B6F5-7A2F5D8A2FEC}"
EndProject
Project("{9A19103F-16F7-4668-BE54-9A1E7A4F7556}") = "Nameless.WPF.Core", "src\Nameless.WPF.Core\Nameless.WPF.Core.csproj", "{5591717B-3735-4CEC-9358-6524D2E5EA88}"
EndProject
Project("{9A19103F-16F7-4668-BE54-9A1E7A4F7556}") = "Nameless.WPF.Impl", "src\Nameless.WPF.Impl\Nameless.WPF.Impl.csproj", "{DA16B1A3-8AAB-47FE-8FCC-135AE0FC5B37}"
EndProject
Project("{9A19103F-16F7-4668-BE54-9A1E7A4F7556}") = "Nameless.WPF.Client", "src\Nameless.WPF.Client\Nameless.WPF.Client.csproj", "{2345E107-153A-452C-A7AE-27ED876C8C82}"
EndProject
Global
	GlobalSection(SolutionConfigurationPlatforms) = preSolution
		Debug|Any CPU = Debug|Any CPU
		Release|Any CPU = Release|Any CPU
	EndGlobalSection
	GlobalSection(ProjectConfigurationPlatforms) = postSolution
		{5591717B-3735-4CEC-9358-6524D2E5EA88}.Debug|Any CPU.ActiveCfg = Debug|Any CPU
		{5591717B-3735-4CEC-9358-6524D2E5EA88}.Debug|Any CPU.Build.0 = Debug|Any CPU
		{5591717B-3735-4CEC-9358-6524D2E5EA88}.Release|Any CPU.ActiveCfg = Release|Any CPU
		{5591717B-3735-4CEC-9358-6524D2E5EA88}.Release|Any CPU.Build.0 = Release|Any CPU
		{DA16B1A3-8AAB-47FE-8FCC-135AE0FC5B37}.Debug|Any CPU.ActiveCfg = Debug|Any CPU
		{DA16B1A3-8AAB-47FE-8FCC-135AE0FC5B37}.Debug|Any CPU.Build.0 = Debug|Any CPU
		{DA16B1A3-8AAB-47FE-8FCC-135AE0FC5B37}.Release|Any CPU.ActiveCfg = Release|Any CPU
		{DA16B1A3-8AAB-47FE-8FCC-135AE0FC5B37}.Release|Any CPU.Build.0 = Release|Any CPU
		{2345E107-153A-452C-A7AE-27ED876C8C82}.Debug|Any CPU.ActiveCfg = Debug|Any CPU
		{2345E107-153A-452C-A7AE-27ED876C8C82}.Debug|Any CPU.Build.0 = Debug|Any CPU
		{2345E107-153A-452C-A7AE-27ED876C8C82}.Release|Any CPU.ActiveCfg = Release|Any CPU
		{2345E107-153A-452C-A7AE-27ED876C8C82}.Release|Any CPU.Build.0 = Release|Any CPU
	EndGlobalSection
	GlobalSection(SolutionProperties) = preSolution
		HideSolutionNode = FALSE
	EndGlobalSection
	GlobalSection(NestedProjects) = preSolution
		{5591717B-3735-4CEC-9358-6524D2E5EA88} = {6CE9E8D7-8359-47C8-B6F5-7A2F5D8A2FEC}
		{DA16B1A3-8AAB-47FE-8FCC-135AE0FC5B37} = {6CE9E8D7-8359-47C8-B6F5-7A2F5D8A2FEC}
		{2345E107-153A-452C-A7AE-27ED876C8C82} = {6CE9E8D7-8359-47C8-B6F5-7A2F5D8A2FEC}
	EndGlobalSection
	GlobalSection(ExtensibilityGlobals) = postSolution
		SolutionGuid = {67C1F3ED-BB6B-4EE2-B695-BA4C9A00984B}
	EndGlobalSection
EndGlobal
